Microsoft Visual Studio Solution File, Format Version 12.00
# Visual Studio Version 16
VisualStudioVersion = 16.0.29411.108
MinimumVisualStudioVersion = 10.0.40219.1
Project("{9A19103F-16F7-4668-BE54-9A1E7A4F7556}") = "FourthTask", "FourthTask.csproj", "{81090EF1-87C9-4855-A96F-CAB714E4C5B2}"
EndProject
Project("{FAE04EC0-301F-11D3-BF4B-00C04F79EFBC}") = "WindowsFormsGUI", "..\WindowsFormsGUI\WindowsFormsGUI.csproj", "{C035F2E8-0978-4B08-B7BC-A5B74C108EF2}"
EndProject
Global
	GlobalSection(SolutionConfigurationPlatforms) = preSolution
		Debug|Any CPU = Debug|Any CPU
		Release|Any CPU = Release|Any CPU
	EndGlobalSection
	GlobalSection(ProjectConfigurationPlatforms) = postSolution
		{81090EF1-87C9-4855-A96F-CAB714E4C5B2}.Debug|Any CPU.ActiveCfg = Debug|Any CPU
		{81090EF1-87C9-4855-A96F-CAB714E4C5B2}.Debug|Any CPU.Build.0 = Debug|Any CPU
		{81090EF1-87C9-4855-A96F-CAB714E4C5B2}.Release|Any CPU.ActiveCfg = Release|Any CPU
		{81090EF1-87C9-4855-A96F-CAB714E4C5B2}.Release|Any CPU.Build.0 = Release|Any CPU
		{C035F2E8-0978-4B08-B7BC-A5B74C108EF2}.Debug|Any CPU.ActiveCfg = Debug|Any CPU
		{C035F2E8-0978-4B08-B7BC-A5B74C108EF2}.Debug|Any CPU.Build.0 = Debug|Any CPU
		{C035F2E8-0978-4B08-B7BC-A5B74C108EF2}.Release|Any CPU.ActiveCfg = Release|Any CPU
		{C035F2E8-0978-4B08-B7BC-A5B74C108EF2}.Release|Any CPU.Build.0 = Release|Any CPU
	EndGlobalSection
	GlobalSection(SolutionProperties) = preSolution
		HideSolutionNode = FALSE
	EndGlobalSection
	GlobalSection(ExtensibilityGlobals) = postSolution
		SolutionGuid = {399A4FE2-BCE0-4DAF-9212-B172E1D6C71D}
	EndGlobalSection
EndGlobal
